// !$*UTF8*$!
{
	archiveVersion = 1;
	classes = {
	};
	objectVersion = 50;
	objects = {

/* Begin PBXBuildFile section */
		FA661B2123797E4000B5B136 /* AppDelegate.swift in Sources */ = {isa = PBXBuildFile; fileRef = FA661B2023797E4000B5B136 /* AppDelegate.swift */; };
		FA661B2323797E4000B5B136 /* DocumentBrowserViewController.swift in Sources */ = {isa = PBXBuildFile; fileRef = FA661B2223797E4000B5B136 /* DocumentBrowserViewController.swift */; };
		FA661B2723797E4000B5B136 /* ImageGalleryDocument.swift in Sources */ = {isa = PBXBuildFile; fileRef = FA661B2623797E4000B5B136 /* ImageGalleryDocument.swift */; };
		FA661B2A23797E4000B5B136 /* Main.storyboard in Resources */ = {isa = PBXBuildFile; fileRef = FA661B2823797E4000B5B136 /* Main.storyboard */; };
		FA661B2C23797E4100B5B136 /* Assets.xcassets in Resources */ = {isa = PBXBuildFile; fileRef = FA661B2B23797E4100B5B136 /* Assets.xcassets */; };
		FA661B2F23797E4100B5B136 /* LaunchScreen.storyboard in Resources */ = {isa = PBXBuildFile; fileRef = FA661B2D23797E4100B5B136 /* LaunchScreen.storyboard */; };
		FA661B3C237A62E000B5B136 /* Utilities.swift in Sources */ = {isa = PBXBuildFile; fileRef = FA661B37237A62E000B5B136 /* Utilities.swift */; };
		FA661B3D237A62E000B5B136 /* ImageGalleryCollectionViewCell.swift in Sources */ = {isa = PBXBuildFile; fileRef = FA661B38237A62E000B5B136 /* ImageGalleryCollectionViewCell.swift */; };
		FA661B3E237A62E000B5B136 /* ImageGalleryCollectionViewController.swift in Sources */ = {isa = PBXBuildFile; fileRef = FA661B39237A62E000B5B136 /* ImageGalleryCollectionViewController.swift */; };
		FA661B3F237A62E000B5B136 /* SingleImageViewController.swift in Sources */ = {isa = PBXBuildFile; fileRef = FA661B3A237A62E000B5B136 /* SingleImageViewController.swift */; };
		FA661B40237A62E000B5B136 /* ImageGallery.swift in Sources */ = {isa = PBXBuildFile; fileRef = FA661B3B237A62E000B5B136 /* ImageGallery.swift */; };
/* End PBXBuildFile section */

/* Begin PBXFileReference section */
		FA661B1D23797E4000B5B136 /* PersistanceImageGallery.app */ = {isa = PBXFileReference; explicitFileType = wrapper.application; includeInIndex = 0; path = PersistanceImageGallery.app; sourceTree = BUILT_PRODUCTS_DIR; };
		FA661B2023797E4000B5B136 /* AppDelegate.swift */ = {isa = PBXFileReference; lastKnownFileType = sourcecode.swift; path = AppDelegate.swift; sourceTree = "<group>"; };
		FA661B2223797E4000B5B136 /* DocumentBrowserViewController.swift */ = {isa = PBXFileReference; lastKnownFileType = sourcecode.swift; path = DocumentBrowserViewController.swift; sourceTree = "<group>"; };
		FA661B2623797E4000B5B136 /* ImageGalleryDocument.swift */ = {isa = PBXFileReference; lastKnownFileType = sourcecode.swift; path = ImageGalleryDocument.swift; sourceTree = "<group>"; };
		FA661B2923797E4000B5B136 /* Base */ = {isa = PBXFileReference; lastKnownFileType = file.storyboard; name = Base; path = Base.lproj/Main.storyboard; sourceTree = "<group>"; };
		FA661B2B23797E4100B5B136 /* Assets.xcassets */ = {isa = PBXFileReference; lastKnownFileType = folder.assetcatalog; path = Assets.xcassets; sourceTree = "<group>"; };
		FA661B2E23797E4100B5B136 /* Base */ = {isa = PBXFileReference; lastKnownFileType = file.storyboard; name = Base; path = Base.lproj/LaunchScreen.storyboard; sourceTree = "<group>"; };
		FA661B3023797E4100B5B136 /* Info.plist */ = {isa = PBXFileReference; lastKnownFileType = text.plist.xml; path = Info.plist; sourceTree = "<group>"; };
		FA661B37237A62E000B5B136 /* Utilities.swift */ = {isa = PBXFileReference; fileEncoding = 4; lastKnownFileType = sourcecode.swift; path = Utilities.swift; sourceTree = "<group>"; };
		FA661B38237A62E000B5B136 /* ImageGalleryCollectionViewCell.swift */ = {isa = PBXFileReference; fileEncoding = 4; lastKnownFileType = sourcecode.swift; path = ImageGalleryCollectionViewCell.swift; sourceTree = "<group>"; };
		FA661B39237A62E000B5B136 /* ImageGalleryCollectionViewController.swift */ = {isa = PBXFileReference; fileEncoding = 4; lastKnownFileType = sourcecode.swift; path = ImageGalleryCollectionViewController.swift; sourceTree = "<group>"; };
		FA661B3A237A62E000B5B136 /* SingleImageViewController.swift */ = {isa = PBXFileReference; fileEncoding = 4; lastKnownFileType = sourcecode.swift; path = SingleImageViewController.swift; sourceTree = "<group>"; };
		FA661B3B237A62E000B5B136 /* ImageGallery.swift */ = {isa = PBXFileReference; fileEncoding = 4; lastKnownFileType = sourcecode.swift; path = ImageGallery.swift; sourceTree = "<group>"; };
/* End PBXFileReference section */

/* Begin PBXFrameworksBuildPhase section */
		FA661B1A23797E4000B5B136 /* Frameworks */ = {
			isa = PBXFrameworksBuildPhase;
			buildActionMask = 2147483647;
			files = (
			);
			runOnlyForDeploymentPostprocessing = 0;
		};
/* End PBXFrameworksBuildPhase section */

/* Begin PBXGroup section */
		FA661B1423797E3F00B5B136 = {
			isa = PBXGroup;
			children = (
				FA661B1F23797E4000B5B136 /* PersistanceImageGallery */,
				FA661B1E23797E4000B5B136 /* Products */,
			);
			sourceTree = "<group>";
		};
		FA661B1E23797E4000B5B136 /* Products */ = {
			isa = PBXGroup;
			children = (
				FA661B1D23797E4000B5B136 /* PersistanceImageGallery.app */,
			);
			name = Products;
			sourceTree = "<group>";
		};
		FA661B1F23797E4000B5B136 /* PersistanceImageGallery */ = {
			isa = PBXGroup;
			children = (
				FA661B2223797E4000B5B136 /* DocumentBrowserViewController.swift */,
				FA661B2623797E4000B5B136 /* ImageGalleryDocument.swift */,
				FA661B2823797E4000B5B136 /* Main.storyboard */,
				FA661B38237A62E000B5B136 /* ImageGalleryCollectionViewCell.swift */,
				FA661B39237A62E000B5B136 /* ImageGalleryCollectionViewController.swift */,
				FA661B3B237A62E000B5B136 /* ImageGallery.swift */,
				FA661B3A237A62E000B5B136 /* SingleImageViewController.swift */,
				FA661B37237A62E000B5B136 /* Utilities.swift */,
				FA661B36237A62B100B5B136 /* Supporting Files */,
				FA661B3023797E4100B5B136 /* Info.plist */,
			);
			path = PersistanceImageGallery;
			sourceTree = "<group>";
		};
		FA661B36237A62B100B5B136 /* Supporting Files */ = {
			isa = PBXGroup;
			children = (
				FA661B2023797E4000B5B136 /* AppDelegate.swift */,
				FA661B2B23797E4100B5B136 /* Assets.xcassets */,
				FA661B2D23797E4100B5B136 /* LaunchScreen.storyboard */,
			);
			path = "Supporting Files";
			sourceTree = "<group>";
		};
/* End PBXGroup section */

/* Begin PBXNativeTarget section */
		FA661B1C23797E4000B5B136 /* PersistanceImageGallery */ = {
			isa = PBXNativeTarget;
			buildConfigurationList = FA661B3323797E4100B5B136 /* Build configuration list for PBXNativeTarget "PersistanceImageGallery" */;
			buildPhases = (
				FA661B1923797E4000B5B136 /* Sources */,
				FA661B1A23797E4000B5B136 /* Frameworks */,
				FA661B1B23797E4000B5B136 /* Resources */,
			);
			buildRules = (
			);
			dependencies = (
			);
			name = PersistanceImageGallery;
			productName = PersistanceImageGallery;
			productReference = FA661B1D23797E4000B5B136 /* PersistanceImageGallery.app */;
			productType = "com.apple.product-type.application";
		};
/* End PBXNativeTarget section */

/* Begin PBXProject section */
		FA661B1523797E3F00B5B136 /* Project object */ = {
			isa = PBXProject;
			attributes = {
				LastSwiftUpdateCheck = 1030;
				LastUpgradeCheck = 1030;
				ORGANIZATIONNAME = bolattleubayev;
				TargetAttributes = {
					FA661B1C23797E4000B5B136 = {
						CreatedOnToolsVersion = 10.3;
					};
				};
			};
			buildConfigurationList = FA661B1823797E3F00B5B136 /* Build configuration list for PBXProject "PersistanceImageGallery" */;
			compatibilityVersion = "Xcode 9.3";
			developmentRegion = en;
			hasScannedForEncodings = 0;
			knownRegions = (
				en,
				Base,
			);
			mainGroup = FA661B1423797E3F00B5B136;
			productRefGroup = FA661B1E23797E4000B5B136 /* Products */;
			projectDirPath = "";
			projectRoot = "";
			targets = (
				FA661B1C23797E4000B5B136 /* PersistanceImageGallery */,
			);
		};
/* End PBXProject section */

/* Begin PBXResourcesBuildPhase section */
		FA661B1B23797E4000B5B136 /* Resources */ = {
			isa = PBXResourcesBuildPhase;
			buildActionMask = 2147483647;
			files = (
				FA661B2F23797E4100B5B136 /* LaunchScreen.storyboard in Resources */,
				FA661B2C23797E4100B5B136 /* Assets.xcassets in Resources */,
				FA661B2A23797E4000B5B136 /* Main.storyboard in Resources */,
			);
			runOnlyForDeploymentPostprocessing = 0;
		};
/* End PBXResourcesBuildPhase section */

/* Begin PBXSourcesBuildPhase section */
		FA661B1923797E4000B5B136 /* Sources */ = {
			isa = PBXSourcesBuildPhase;
			buildActionMask = 2147483647;
			files = (
				FA661B2723797E4000B5B136 /* ImageGalleryDocument.swift in Sources */,
				FA661B2323797E4000B5B136 /* DocumentBrowserViewController.swift in Sources */,
				FA661B3C237A62E000B5B136 /* Utilities.swift in Sources */,
				FA661B3E237A62E000B5B136 /* ImageGalleryCollectionViewController.swift in Sources */,
				FA661B2123797E4000B5B136 /* AppDelegate.swift in Sources */,
				FA661B3F237A62E000B5B136 /* SingleImageViewController.swift in Sources */,
				FA661B40237A62E000B5B136 /* ImageGallery.swift in Sources */,
				FA661B3D237A62E000B5B136 /* ImageGalleryCollectionViewCell.swift in Sources */,
			);
			runOnlyForDeploymentPostprocessing = 0;
		};
/* End PBXSourcesBuildPhase section */

/* Begin PBXVariantGroup section */
		FA661B2823797E4000B5B136 /* Main.storyboard */ = {
			isa = PBXVariantGroup;
			children = (
				FA661B2923797E4000B5B136 /* Base */,
			);
			name = Main.storyboard;
			sourceTree = "<group>";
		};
		FA661B2D23797E4100B5B136 /* LaunchScreen.storyboard */ = {
			isa = PBXVariantGroup;
			children = (
				FA661B2E23797E4100B5B136 /* Base */,
			);
			name = LaunchScreen.storyboard;
			sourceTree = "<group>";
		};
/* End PBXVariantGroup section */

/* Begin XCBuildConfiguration section */
		FA661B3123797E4100B5B136 /* Debug */ = {
			isa = XCBuildConfiguration;
			buildSettings = {
				ALWAYS_SEARCH_USER_PATHS = NO;
				CLANG_ANALYZER_NONNULL = YES;
				CLANG_ANALYZER_NUMBER_OBJECT_CONVERSION = YES_AGGRESSIVE;
				CLANG_CXX_LANGUAGE_STANDARD = "gnu++14";
				CLANG_CXX_LIBRARY = "libc++";
				CLANG_ENABLE_MODULES = YES;
				CLANG_ENABLE_OBJC_ARC = YES;
				CLANG_ENABLE_OBJC_WEAK = YES;
				CLANG_WARN_BLOCK_CAPTURE_AUTORELEASING = YES;
				CLANG_WARN_BOOL_CONVERSION = YES;
				CLANG_WARN_COMMA = YES;
				CLANG_WARN_CONSTANT_CONVERSION = YES;
				CLANG_WARN_DEPRECATED_OBJC_IMPLEMENTATIONS = YES;
				CLANG_WARN_DIRECT_OBJC_ISA_USAGE = YES_ERROR;
				CLANG_WARN_DOCUMENTATION_COMMENTS = YES;
				CLANG_WARN_EMPTY_BODY = YES;
				CLANG_WARN_ENUM_CONVERSION = YES;
				CLANG_WARN_INFINITE_RECURSION = YES;
				CLANG_WARN_INT_CONVERSION = YES;
				CLANG_WARN_NON_LITERAL_NULL_CONVERSION = YES;
				CLANG_WARN_OBJC_IMPLICIT_RETAIN_SELF = YES;
				CLANG_WARN_OBJC_LITERAL_CONVERSION = YES;
				CLANG_WARN_OBJC_ROOT_CLASS = YES_ERROR;
				CLANG_WARN_RANGE_LOOP_ANALYSIS = YES;
				CLANG_WARN_STRICT_PROTOTYPES = YES;
				CLANG_WARN_SUSPICIOUS_MOVE = YES;
				CLANG_WARN_UNGUARDED_AVAILABILITY = YES_AGGRESSIVE;
				CLANG_WARN_UNREACHABLE_CODE = YES;
				CLANG_WARN__DUPLICATE_METHOD_MATCH = YES;
				CODE_SIGN_IDENTITY = "iPhone Developer";
				COPY_PHASE_STRIP = NO;
				DEBUG_INFORMATION_FORMAT = dwarf;
				ENABLE_STRICT_OBJC_MSGSEND = YES;
				ENABLE_TESTABILITY = YES;
				GCC_C_LANGUAGE_STANDARD = gnu11;
				GCC_DYNAMIC_NO_PIC = NO;
				GCC_NO_COMMON_BLOCKS = YES;
				GCC_OPTIMIZATION_LEVEL = 0;
				GCC_PREPROCESSOR_DEFINITIONS = (
					"DEBUG=1",
					"$(inherited)",
				);
				GCC_WARN_64_TO_32_BIT_CONVERSION = YES;
				GCC_WARN_ABOUT_RETURN_TYPE = YES_ERROR;
				GCC_WARN_UNDECLARED_SELECTOR = YES;
				GCC_WARN_UNINITIALIZED_AUTOS = YES_AGGRESSIVE;
				GCC_WARN_UNUSED_FUNCTION = YES;
				GCC_WARN_UNUSED_VARIABLE = YES;
				IPHONEOS_DEPLOYMENT_TARGET = 12.4;
				MTL_ENABLE_DEBUG_INFO = INCLUDE_SOURCE;
				MTL_FAST_MATH = YES;
				ONLY_ACTIVE_ARCH = YES;
				SDKROOT = iphoneos;
				SWIFT_ACTIVE_COMPILATION_CONDITIONS = DEBUG;
				SWIFT_OPTIMIZATION_LEVEL = "-Onone";
			};
			name = Debug;
		};
		FA661B3223797E4100B5B136 /* Release */ = {
			isa = XCBuildConfiguration;
			buildSettings = {
				ALWAYS_SEARCH_USER_PATHS = NO;
				CLANG_ANALYZER_NONNULL = YES;
				CLANG_ANALYZER_NUMBER_OBJECT_CONVERSION = YES_AGGRESSIVE;
				CLANG_CXX_LANGUAGE_STANDARD = "gnu++14";
				CLANG_CXX_LIBRARY = "libc++";
				CLANG_ENABLE_MODULES = YES;
				CLANG_ENABLE_OBJC_ARC = YES;
				CLANG_ENABLE_OBJC_WEAK = YES;
				CLANG_WARN_BLOCK_CAPTURE_AUTORELEASING = YES;
				CLANG_WARN_BOOL_CONVERSION = YES;
				CLANG_WARN_COMMA = YES;
				CLANG_WARN_CONSTANT_CONVERSION = YES;
				CLANG_WARN_DEPRECATED_OBJC_IMPLEMENTATIONS = YES;
				CLANG_WARN_DIRECT_OBJC_ISA_USAGE = YES_ERROR;
				CLANG_WARN_DOCUMENTATION_COMMENTS = YES;
				CLANG_WARN_EMPTY_BODY = YES;
				CLANG_WARN_ENUM_CONVERSION = YES;
				CLANG_WARN_INFINITE_RECURSION = YES;
				CLANG_WARN_INT_CONVERSION = YES;
				CLANG_WARN_NON_LITERAL_NULL_CONVERSION = YES;
				CLANG_WARN_OBJC_IMPLICIT_RETAIN_SELF = YES;
				CLANG_WARN_OBJC_LITERAL_CONVERSION = YES;
				CLANG_WARN_OBJC_ROOT_CLASS = YES_ERROR;
				CLANG_WARN_RANGE_LOOP_ANALYSIS = YES;
				CLANG_WARN_STRICT_PROTOTYPES = YES;
				CLANG_WARN_SUSPICIOUS_MOVE = YES;
				CLANG_WARN_UNGUARDED_AVAILABILITY = YES_AGGRESSIVE;
				CLANG_WARN_UNREACHABLE_CODE = YES;
				CLANG_WARN__DUPLICATE_METHOD_MATCH = YES;
				CODE_SIGN_IDENTITY = "iPhone Developer";
				COPY_PHASE_STRIP = NO;
				DEBUG_INFORMATION_FORMAT = "dwarf-with-dsym";
				ENABLE_NS_ASSERTIONS = NO;
				ENABLE_STRICT_OBJC_MSGSEND = YES;
				GCC_C_LANGUAGE_STANDARD = gnu11;
				GCC_NO_COMMON_BLOCKS = YES;
				GCC_WARN_64_TO_32_BIT_CONVERSION = YES;
				GCC_WARN_ABOUT_RETURN_TYPE = YES_ERROR;
				GCC_WARN_UNDECLARED_SELECTOR = YES;
				GCC_WARN_UNINITIALIZED_AUTOS = YES_AGGRESSIVE;
				GCC_WARN_UNUSED_FUNCTION = YES;
				GCC_WARN_UNUSED_VARIABLE = YES;
				IPHONEOS_DEPLOYMENT_TARGET = 12.4;
				MTL_ENABLE_DEBUG_INFO = NO;
				MTL_FAST_MATH = YES;
				SDKROOT = iphoneos;
				SWIFT_COMPILATION_MODE = wholemodule;
				SWIFT_OPTIMIZATION_LEVEL = "-O";
				VALIDATE_PRODUCT = YES;
			};
			name = Release;
		};
		FA661B3423797E4100B5B136 /* Debug */ = {
			isa = XCBuildConfiguration;
			buildSettings = {
				ASSETCATALOG_COMPILER_APPICON_NAME = AppIcon;
				CODE_SIGN_STYLE = Automatic;
				DEVELOPMENT_TEAM = 5WUD63TLG7;
				INFOPLIST_FILE = PersistanceImageGallery/Info.plist;
				LD_RUNPATH_SEARCH_PATHS = (
					"$(inherited)",
					"@executable_path/Frameworks",
				);
				PRODUCT_BUNDLE_IDENTIFIER = bolattleubayev.PersistanceImageGallery;
				PRODUCT_NAME = "$(TARGET_NAME)";
				SWIFT_VERSION = 5.0;
				TARGETED_DEVICE_FAMILY = "1,2";
			};
			name = Debug;
		};
		FA661B3523797E4100B5B136 /* Release */ = {
			isa = XCBuildConfiguration;
			buildSettings = {
				ASSETCATALOG_COMPILER_APPICON_NAME = AppIcon;
				CODE_SIGN_STYLE = Automatic;
				DEVELOPMENT_TEAM = 5WUD63TLG7;
				INFOPLIST_FILE = PersistanceImageGallery/Info.plist;
				LD_RUNPATH_SEARCH_PATHS = (
					"$(inherited)",
					"@executable_path/Frameworks",
				);
				PRODUCT_BUNDLE_IDENTIFIER = bolattleubayev.PersistanceImageGallery;
				PRODUCT_NAME = "$(TARGET_NAME)";
				SWIFT_VERSION = 5.0;
				TARGETED_DEVICE_FAMILY = "1,2";
			};
			name = Release;
		};
/* End XCBuildConfiguration section */

/* Begin XCConfigurationList section */
		FA661B1823797E3F00B5B136 /* Build configuration list for PBXProject "PersistanceImageGallery" */ = {
			isa = XCConfigurationList;
			buildConfigurations = (
				FA661B3123797E4100B5B136 /* Debug */,
				FA661B3223797E4100B5B136 /* Release */,
			);
			defaultConfigurationIsVisible = 0;
			defaultConfigurationName = Release;
		};
		FA661B3323797E4100B5B136 /* Build configuration list for PBXNativeTarget "PersistanceImageGallery" */ = {
			isa = XCConfigurationList;
			buildConfigurations = (
				FA661B3423797E4100B5B136 /* Debug */,
				FA661B3523797E4100B5B136 /* Release */,
			);
			defaultConfigurationIsVisible = 0;
			defaultConfigurationName = Release;
		};
/* End XCConfigurationList section */
	};
	rootObject = FA661B1523797E3F00B5B136 /* Project object */;
}
